{
  "object": {
    "pins": [
      {
        "package": "GANUtils",
        "repositoryURL": "https://github.com/t-ae/gan-utils-s4tf.git",
        "state": {
          "branch": null,
          "revision": "26f0e2c7b442946a8147a5383ee5cd9e1502cafe",
          "version": "0.3.6"
        }
      },
      {
        "package": "ImageLoader",
        "repositoryURL": "https://github.com/t-ae/image-loader.git",
        "state": {
          "branch": null,
          "revision": "7b34baf51b40ff5da08d3adadce522814ea62b5e",
          "version": "0.1.9"
        }
      },
      {
        "package": "TensorBoardX",
        "repositoryURL": "https://github.com/t-ae/tensorboardx-s4tf.git",
        "state": {
          "branch": null,
          "revision": "c75601019c50213660f3bfd84d3efce276701647",
          "version": "0.1.2"
        }
      }
    ]
  },
  "version": 1
}
