{
  "object": {
    "pins": [
      {
        "package": "GANUtils",
        "repositoryURL": "https://github.com/t-ae/gan-utils-s4tf.git",
        "state": {
          "branch": null,
          "revision": "a723d5353997a9092889cf9bba89cc837f9645c2",
          "version": "0.2.5"
        }
      },
      {
        "package": "ImageLoader",
        "repositoryURL": "https://github.com/t-ae/image-loader.git",
        "state": {
          "branch": null,
          "revision": "3c76ec2ef9d2bf1eef2e8d85dd3d31a586f51b8e",
          "version": "0.1.8"
        }
      },
      {
        "package": "TensorBoardX",
        "repositoryURL": "https://github.com/t-ae/tensorboardx-s4tf.git",
        "state": {
          "branch": null,
          "revision": "4b8b537f2b5b0674802ee814bfc16a9425a87f8e",
          "version": "0.1.1"
        }
      }
    ]
  },
  "version": 1
}
